
Microsoft Visual Studio Solution File, Format Version 12.00
# Visual Studio Version 17
VisualStudioVersion = 17.2.32630.192
MinimumVisualStudioVersion = 10.0.40219.1
Project("{FAE04EC0-301F-11D3-BF4B-00C04F79EFBC}") = "delegate 2", "delegate 2\delegate 2.csproj", "{BE712292-63D2-41E1-92AB-B34C638486B5}"
EndProject
Global
	GlobalSection(SolutionConfigurationPlatforms) = preSolution
		Debug|Any CPU = Debug|Any CPU
		Release|Any CPU = Release|Any CPU
	EndGlobalSection
	GlobalSection(ProjectConfigurationPlatforms) = postSolution
		{BE712292-63D2-41E1-92AB-B34C638486B5}.Debug|Any CPU.ActiveCfg = Debug|Any CPU
		{BE712292-63D2-41E1-92AB-B34C638486B5}.Debug|Any CPU.Build.0 = Debug|Any CPU
		{BE712292-63D2-41E1-92AB-B34C638486B5}.Release|Any CPU.ActiveCfg = Release|Any CPU
		{BE712292-63D2-41E1-92AB-B34C638486B5}.Release|Any CPU.Build.0 = Release|Any CPU
	EndGlobalSection
	GlobalSection(SolutionProperties) = preSolution
		HideSolutionNode = FALSE
	EndGlobalSection
	GlobalSection(ExtensibilityGlobals) = postSolution
		SolutionGuid = {59AEC729-F3F1-44F8-9EB3-076D1D50020E}
	EndGlobalSection
EndGlobal
